
Microsoft Visual Studio Solution File, Format Version 12.00
# Visual Studio 15
VisualStudioVersion = 15.0.26730.15
MinimumVisualStudioVersion = 10.0.40219.1
Project("{FAE04EC0-301F-11D3-BF4B-00C04F79EFBC}") = "ContosoUniversity", "ContosoUniversity\ContosoUniversity.csproj", "{1471D91C-65A1-42D4-A5CB-3FF2B38A8ADB}"
EndProject
Global
	GlobalSection(SolutionConfigurationPlatforms) = preSolution
		Debug|Any CPU = Debug|Any CPU
		Release|Any CPU = Release|Any CPU
	EndGlobalSection
	GlobalSection(ProjectConfigurationPlatforms) = postSolution
		{1471D91C-65A1-42D4-A5CB-3FF2B38A8ADB}.Debug|Any CPU.ActiveCfg = Debug|Any CPU
		{1471D91C-65A1-42D4-A5CB-3FF2B38A8ADB}.Debug|Any CPU.Build.0 = Debug|Any CPU
		{1471D91C-65A1-42D4-A5CB-3FF2B38A8ADB}.Release|Any CPU.ActiveCfg = Release|Any CPU
		{1471D91C-65A1-42D4-A5CB-3FF2B38A8ADB}.Release|Any CPU.Build.0 = Release|Any CPU
	EndGlobalSection
	GlobalSection(SolutionProperties) = preSolution
		HideSolutionNode = FALSE
	EndGlobalSection
	GlobalSection(ExtensibilityGlobals) = postSolution
		SolutionGuid = {CE842532-CE49-4615-A09A-BA5D6E43CEB1}
	EndGlobalSection
EndGlobal
